# THIS IS AN AUTOGENERATED FILE. DO NOT EDIT THIS FILE DIRECTLY.
# yarn lockfile v1


"@types/validator@10.11.3":
  version "10.11.3"
  resolved "https://registry.npm.taobao.org/@types/validator/download/@types/validator-10.11.3.tgz#945799bef24a953c5bc02011ca8ad79331a3ef25"
  integrity sha1-lFeZvvJKlTxbwCARyorXkzGj7yU=

ansi-regex@^4.1.0:
  version "4.1.0"
  resolved "https://registry.npm.taobao.org/ansi-regex/download/ansi-regex-4.1.0.tgz#8b9f8f08cf1acb843756a839ca8c7e3168c51997"
  integrity sha1-i5+PCM8ay4Q3Vqg5yox+MWjFGZc=

ansi-styles@^3.2.0, ansi-styles@^3.2.1:
  version "3.2.1"
  resolved "https://registry.npm.taobao.org/ansi-styles/download/ansi-styles-3.2.1.tgz#41fbb20243e50b12be0f04b8dedbf07520ce841d"
  integrity sha1-QfuyAkPlCxK+DwS43tvwdSDOhB0=
  dependencies:
    color-convert "^1.9.0"

buffer-writer@2.0.0:
  version "2.0.0"
  resolved "https://registry.npm.taobao.org/buffer-writer/download/buffer-writer-2.0.0.tgz#ce7eb81a38f7829db09c873f2fbb792c0c98ec04"
  integrity sha1-zn64Gjj3gp2wnIc/L7t5LAyY7AQ=

camelcase@^5.0.0:
  version "5.3.1"
  resolved "https://registry.npm.taobao.org/camelcase/download/camelcase-5.3.1.tgz#e3c9b31569e106811df242f715725a1f4c494320"
  integrity sha1-48mzFWnhBoEd8kL3FXJaH0xJQyA=

chalk@^2.4.2:
  version "2.4.2"
  resolved "https://registry.npm.taobao.org/chalk/download/chalk-2.4.2.tgz?cache=0&sync_timestamp=1573282918610&other_urls=https%3A%2F%2Fregistry.npm.taobao.org%2Fchalk%2Fdownload%2Fchalk-2.4.2.tgz#cd42541677a54333cf541a49108c1432b44c9424"
  integrity sha1-zUJUFnelQzPPVBpJEIwUMrRMlCQ=
  dependencies:
    ansi-styles "^3.2.1"
    escape-string-regexp "^1.0.5"
    supports-color "^5.3.0"

class-transformer@^0.2.3:
  version "0.2.3"
  resolved "https://registry.npm.taobao.org/class-transformer/download/class-transformer-0.2.3.tgz#598c92ca71dcca73f91ccb875d74a3847ccfa32d"
  integrity sha1-WYySynHcynP5HMuHXXSjhHzPoy0=

class-validator@^0.11.0:
  version "0.11.0"
  resolved "https://registry.npm.taobao.org/class-validator/download/class-validator-0.11.0.tgz#5fca8b8a957c738a6749391e03ee81fad375dc4a"
  integrity sha1-X8qLipV8c4pnSTkeA+6B+tN13Eo=
  dependencies:
    "@types/validator" "10.11.3"
    google-libphonenumber "^3.1.6"
    validator "12.0.0"

cliui@^5.0.0:
  version "5.0.0"
  resolved "https://registry.npm.taobao.org/cliui/download/cliui-5.0.0.tgz?cache=0&sync_timestamp=1573943292170&other_urls=https%3A%2F%2Fregistry.npm.taobao.org%2Fcliui%2Fdownload%2Fcliui-5.0.0.tgz#deefcfdb2e800784aa34f46fa08e06851c7bbbc5"
  integrity sha1-3u/P2y6AB4SqNPRvoI4GhRx7u8U=
  dependencies:
    string-width "^3.1.0"
    strip-ansi "^5.2.0"
    wrap-ansi "^5.1.0"

color-convert@^1.9.0:
  version "1.9.3"
  resolved "https://registry.npm.taobao.org/color-convert/download/color-convert-1.9.3.tgz#bb71850690e1f136567de629d2d5471deda4c1e8"
  integrity sha1-u3GFBpDh8TZWfeYp0tVHHe2kweg=
  dependencies:
    color-name "1.1.3"

color-name@1.1.3:
  version "1.1.3"
  resolved "https://registry.npm.taobao.org/color-name/download/color-name-1.1.3.tgz#a7d0558bd89c42f795dd42328f740831ca53bc25"
  integrity sha1-p9BVi9icQveV3UIyj3QIMcpTvCU=

concurrently@^5.1.0:
  version "5.1.0"
  resolved "https://registry.npm.taobao.org/concurrently/download/concurrently-5.1.0.tgz#05523986ba7aaf4b58a49ddd658fab88fa783132"
  integrity sha1-BVI5hrp6r0tYpJ3dZY+riPp4MTI=
  dependencies:
    chalk "^2.4.2"
    date-fns "^2.0.1"
    lodash "^4.17.15"
    read-pkg "^4.0.1"
    rxjs "^6.5.2"
    spawn-command "^0.0.2-1"
    supports-color "^6.1.0"
    tree-kill "^1.2.2"
    yargs "^13.3.0"

date-fns@^2.0.1:
  version "2.9.0"
  resolved "https://registry.npm.taobao.org/date-fns/download/date-fns-2.9.0.tgz#d0b175a5c37ed5f17b97e2272bbc1fa5aec677d2"
  integrity sha1-0LF1pcN+1fF7l+InK7wfpa7Gd9I=

decamelize@^1.2.0:
  version "1.2.0"
  resolved "https://registry.npm.taobao.org/decamelize/download/decamelize-1.2.0.tgz#f6534d15148269b20352e7bee26f501f9a191290"
  integrity sha1-9lNNFRSCabIDUue+4m9QH5oZEpA=

emoji-regex@^7.0.1:
  version "7.0.3"
  resolved "https://registry.npm.taobao.org/emoji-regex/download/emoji-regex-7.0.3.tgz#933a04052860c85e83c122479c4748a8e4c72156"
  integrity sha1-kzoEBShgyF6DwSJHnEdIqOTHIVY=

error-ex@^1.3.1:
  version "1.3.2"
  resolved "https://registry.npm.taobao.org/error-ex/download/error-ex-1.3.2.tgz#b4ac40648107fdcdcfae242f428bea8a14d4f1bf"
  integrity sha1-tKxAZIEH/c3PriQvQovqihTU8b8=
  dependencies:
    is-arrayish "^0.2.1"

escape-string-regexp@^1.0.5:
  version "1.0.5"
  resolved "https://registry.npm.taobao.org/escape-string-regexp/download/escape-string-regexp-1.0.5.tgz#1b61c0562190a8dff6ae3bb2cf0200ca130b86d4"
  integrity sha1-G2HAViGQqN/2rjuyzwIAyhMLhtQ=

find-up@^3.0.0:
  version "3.0.0"
  resolved "https://registry.npm.taobao.org/find-up/download/find-up-3.0.0.tgz#49169f1d7993430646da61ecc5ae355c21c97b73"
  integrity sha1-SRafHXmTQwZG2mHsxa41XCHJe3M=
  dependencies:
    locate-path "^3.0.0"

get-caller-file@^2.0.1:
  version "2.0.5"
  resolved "https://registry.npm.taobao.org/get-caller-file/download/get-caller-file-2.0.5.tgz#4f94412a82db32f36e3b0b9741f8a97feb031f7e"
  integrity sha1-T5RBKoLbMvNuOwuXQfipf+sDH34=

google-libphonenumber@^3.1.6:
  version "3.2.6"
  resolved "https://registry.npm.taobao.org/google-libphonenumber/download/google-libphonenumber-3.2.6.tgz#3d725b48ff44706b80246e77f95f2c2fdc6fd729"
  integrity sha1-PXJbSP9EcGuAJG53+V8sL9xv1yk=

has-flag@^3.0.0:
  version "3.0.0"
  resolved "https://registry.npm.taobao.org/has-flag/download/has-flag-3.0.0.tgz#b5d454dc2199ae225699f3467e5a07f3b955bafd"
  integrity sha1-tdRU3CGZriJWmfNGfloH87lVuv0=

hosted-git-info@^2.1.4:
  version "2.8.5"
  resolved "https://registry.npm.taobao.org/hosted-git-info/download/hosted-git-info-2.8.5.tgz#759cfcf2c4d156ade59b0b2dfabddc42a6b9c70c"
  integrity sha1-dZz88sTRVq3lmwst+r3cQqa5xww=

is-arrayish@^0.2.1:
  version "0.2.1"
  resolved "https://registry.npm.taobao.org/is-arrayish/download/is-arrayish-0.2.1.tgz#77c99840527aa8ecb1a8ba697b80645a7a926a9d"
  integrity sha1-d8mYQFJ6qOyxqLppe4BkWnqSap0=

is-fullwidth-code-point@^2.0.0:
  version "2.0.0"
  resolved "https://registry.npm.taobao.org/is-fullwidth-code-point/download/is-fullwidth-code-point-2.0.0.tgz#a3b30a5c4f199183167aaab93beefae3ddfb654f"
  integrity sha1-o7MKXE8ZkYMWeqq5O+764937ZU8=

json-parse-better-errors@^1.0.1:
  version "1.0.2"
  resolved "https://registry.npm.taobao.org/json-parse-better-errors/download/json-parse-better-errors-1.0.2.tgz#bb867cfb3450e69107c131d1c514bab3dc8bcaa9"
  integrity sha1-u4Z8+zRQ5pEHwTHRxRS6s9yLyqk=

locate-path@^3.0.0:
  version "3.0.0"
  resolved "https://registry.npm.taobao.org/locate-path/download/locate-path-3.0.0.tgz#dbec3b3ab759758071b58fe59fc41871af21400e"
  integrity sha1-2+w7OrdZdYBxtY/ln8QYca8hQA4=
  dependencies:
    p-locate "^3.0.0"
    path-exists "^3.0.0"

lodash@^4.17.15:
  version "4.17.15"
  resolved "https://registry.npm.taobao.org/lodash/download/lodash-4.17.15.tgz?cache=0&sync_timestamp=1571657272199&other_urls=https%3A%2F%2Fregistry.npm.taobao.org%2Flodash%2Fdownload%2Flodash-4.17.15.tgz#b447f6670a0455bbfeedd11392eff330ea097548"
  integrity sha1-tEf2ZwoEVbv+7dETku/zMOoJdUg=

normalize-package-data@^2.3.2:
  version "2.5.0"
  resolved "https://registry.npm.taobao.org/normalize-package-data/download/normalize-package-data-2.5.0.tgz#e66db1838b200c1dfc233225d12cb36520e234a8"
  integrity sha1-5m2xg4sgDB38IzIl0SyzZSDiNKg=
  dependencies:
    hosted-git-info "^2.1.4"
    resolve "^1.10.0"
    semver "2 || 3 || 4 || 5"
    validate-npm-package-license "^3.0.1"

p-limit@^2.0.0:
  version "2.2.2"
  resolved "https://registry.npm.taobao.org/p-limit/download/p-limit-2.2.2.tgz#61279b67721f5287aa1c13a9a7fbbc48c9291b1e"
  integrity sha1-YSebZ3IfUoeqHBOpp/u8SMkpGx4=
  dependencies:
    p-try "^2.0.0"

p-locate@^3.0.0:
  version "3.0.0"
  resolved "https://registry.npm.taobao.org/p-locate/download/p-locate-3.0.0.tgz#322d69a05c0264b25997d9f40cd8a891ab0064a4"
  integrity sha1-Mi1poFwCZLJZl9n0DNiokasAZKQ=
  dependencies:
    p-limit "^2.0.0"

p-try@^2.0.0:
  version "2.2.0"
  resolved "https://registry.npm.taobao.org/p-try/download/p-try-2.2.0.tgz#cb2868540e313d61de58fafbe35ce9004d5540e6"
  integrity sha1-yyhoVA4xPWHeWPr741zpAE1VQOY=

packet-reader@1.0.0:
  version "1.0.0"
  resolved "https://registry.npm.taobao.org/packet-reader/download/packet-reader-1.0.0.tgz#9238e5480dedabacfe1fe3f2771063f164157d74"
  integrity sha1-kjjlSA3tq6z+H+PydxBj8WQVfXQ=

parse-json@^4.0.0:
  version "4.0.0"
  resolved "https://registry.npm.taobao.org/parse-json/download/parse-json-4.0.0.tgz#be35f5425be1f7f6c747184f98a788cb99477ee0"
  integrity sha1-vjX1Qlvh9/bHRxhPmKeIy5lHfuA=
  dependencies:
    error-ex "^1.3.1"
    json-parse-better-errors "^1.0.1"

path-exists@^3.0.0:
  version "3.0.0"
  resolved "https://registry.npm.taobao.org/path-exists/download/path-exists-3.0.0.tgz#ce0ebeaa5f78cb18925ea7d810d7b59b010fd515"
  integrity sha1-zg6+ql94yxiSXqfYENe1mwEP1RU=

path-parse@^1.0.6:
  version "1.0.6"
  resolved "https://registry.npm.taobao.org/path-parse/download/path-parse-1.0.6.tgz#d62dbb5679405d72c4737ec58600e9ddcf06d24c"
  integrity sha1-1i27VnlAXXLEc37FhgDp3c8G0kw=

pg-connection-string@0.1.3:
  version "0.1.3"
  resolved "https://registry.npm.taobao.org/pg-connection-string/download/pg-connection-string-0.1.3.tgz#da1847b20940e42ee1492beaf65d49d91b245df7"
  integrity sha1-2hhHsglA5C7hSSvq9l1J2RskXfc=

pg-int8@1.0.1:
  version "1.0.1"
  resolved "https://registry.npm.taobao.org/pg-int8/download/pg-int8-1.0.1.tgz#943bd463bf5b71b4170115f80f8efc9a0c0eb78c"
  integrity sha1-lDvUY79bcbQXARX4D478mgwOt4w=

pg-packet-stream@^1.1.0:
  version "1.1.0"
  resolved "https://registry.npm.taobao.org/pg-packet-stream/download/pg-packet-stream-1.1.0.tgz#e45c3ae678b901a2873af1e17b92d787962ef914"
  integrity sha1-5Fw65ni5AaKHOvHhe5LXh5Yu+RQ=

pg-pool@^2.0.10:
  version "2.0.10"
  resolved "https://registry.npm.taobao.org/pg-pool/download/pg-pool-2.0.10.tgz#842ee23b04e86824ce9d786430f8365082d81c4a"
  integrity sha1-hC7iOwToaCTOnXhkMPg2UILYHEo=

pg-types@^2.1.0:
  version "2.2.0"
  resolved "https://registry.npm.taobao.org/pg-types/download/pg-types-2.2.0.tgz#2d0250d636454f7cfa3b6ae0382fdfa8063254a3"
  integrity sha1-LQJQ1jZFT3z6O2rgOC/fqAYyVKM=
  dependencies:
    pg-int8 "1.0.1"
    postgres-array "~2.0.0"
    postgres-bytea "~1.0.0"
    postgres-date "~1.0.4"
    postgres-interval "^1.1.0"

pg@^7.18.1:
  version "7.18.1"
  resolved "https://registry.npm.taobao.org/pg/download/pg-7.18.1.tgz?cache=0&sync_timestamp=1580344193193&other_urls=https%3A%2F%2Fregistry.npm.taobao.org%2Fpg%2Fdownload%2Fpg-7.18.1.tgz#67f59c47a99456fcb34f9fe53662b79d4a992f6d"
  integrity sha1-Z/WcR6mUVvyzT5/lNmK3nUqZL20=
  dependencies:
    buffer-writer "2.0.0"
    packet-reader "1.0.0"
    pg-connection-string "0.1.3"
    pg-packet-stream "^1.1.0"
    pg-pool "^2.0.10"
    pg-types "^2.1.0"
    pgpass "1.x"
    semver "4.3.2"

pgpass@1.x:
  version "1.0.2"
  resolved "https://registry.npm.taobao.org/pgpass/download/pgpass-1.0.2.tgz#2a7bb41b6065b67907e91da1b07c1847c877b306"
  integrity sha1-Knu0G2BltnkH6R2hsHwYR8h3swY=
  dependencies:
    split "^1.0.0"

pify@^3.0.0:
  version "3.0.0"
  resolved "https://registry.npm.taobao.org/pify/download/pify-3.0.0.tgz?cache=0&sync_timestamp=1581697613983&other_urls=https%3A%2F%2Fregistry.npm.taobao.org%2Fpify%2Fdownload%2Fpify-3.0.0.tgz#e5a4acd2c101fdf3d9a4d07f0dbc4db49dd28176"
  integrity sha1-5aSs0sEB/fPZpNB/DbxNtJ3SgXY=

postgres-array@~2.0.0:
  version "2.0.0"
  resolved "https://registry.npm.taobao.org/postgres-array/download/postgres-array-2.0.0.tgz#48f8fce054fbc69671999329b8834b772652d82e"
  integrity sha1-SPj84FT7xpZxmZMpuINLdyZS2C4=

postgres-bytea@~1.0.0:
  version "1.0.0"
  resolved "https://registry.npm.taobao.org/postgres-bytea/download/postgres-bytea-1.0.0.tgz#027b533c0aa890e26d172d47cf9ccecc521acd35"
  integrity sha1-AntTPAqokOJtFy1Hz5zOzFIazTU=

postgres-date@~1.0.4:
  version "1.0.4"
  resolved "https://registry.npm.taobao.org/postgres-date/download/postgres-date-1.0.4.tgz#1c2728d62ef1bff49abdd35c1f86d4bdf118a728"
  integrity sha1-HCco1i7xv/SavdNcH4bUvfEYpyg=

postgres-interval@^1.1.0:
  version "1.2.0"
  resolved "https://registry.npm.taobao.org/postgres-interval/download/postgres-interval-1.2.0.tgz#b460c82cb1587507788819a06aa0fffdb3544695"
  integrity sha1-tGDILLFYdQd4iBmgaqD//bNURpU=
  dependencies:
    xtend "^4.0.0"

read-pkg@^4.0.1:
  version "4.0.1"
  resolved "https://registry.npm.taobao.org/read-pkg/download/read-pkg-4.0.1.tgz#963625378f3e1c4d48c85872b5a6ec7d5d093237"
  integrity sha1-ljYlN48+HE1IyFhytabsfV0JMjc=
  dependencies:
    normalize-package-data "^2.3.2"
    parse-json "^4.0.0"
    pify "^3.0.0"

require-directory@^2.1.1:
  version "2.1.1"
  resolved "https://registry.npm.taobao.org/require-directory/download/require-directory-2.1.1.tgz#8c64ad5fd30dab1c976e2344ffe7f792a6a6df42"
  integrity sha1-jGStX9MNqxyXbiNE/+f3kqam30I=

require-main-filename@^2.0.0:
  version "2.0.0"
  resolved "https://registry.npm.taobao.org/require-main-filename/download/require-main-filename-2.0.0.tgz#d0b329ecc7cc0f61649f62215be69af54aa8989b"
  integrity sha1-0LMp7MfMD2Fkn2IhW+aa9UqomJs=

resolve@^1.10.0:
  version "1.15.1"
  resolved "https://registry.npm.taobao.org/resolve/download/resolve-1.15.1.tgz#27bdcdeffeaf2d6244b95bb0f9f4b4653451f3e8"
  integrity sha1-J73N7/6vLWJEuVuw+fS0ZTRR8+g=
  dependencies:
    path-parse "^1.0.6"

rxjs@^6.5.2:
  version "6.5.4"
  resolved "https://registry.npm.taobao.org/rxjs/download/rxjs-6.5.4.tgz#e0777fe0d184cec7872df147f303572d414e211c"
  integrity sha1-4Hd/4NGEzseHLfFH8wNXLUFOIRw=
  dependencies:
    tslib "^1.9.0"

"semver@2 || 3 || 4 || 5":
  version "5.7.1"
  resolved "https://registry.npm.taobao.org/semver/download/semver-5.7.1.tgz?cache=0&sync_timestamp=1581458063470&other_urls=https%3A%2F%2Fregistry.npm.taobao.org%2Fsemver%2Fdownload%2Fsemver-5.7.1.tgz#a954f931aeba508d307bbf069eff0c01c96116f7"
  integrity sha1-qVT5Ma66UI0we78Gnv8MAclhFvc=

semver@4.3.2:
  version "4.3.2"
  resolved "https://registry.npm.taobao.org/semver/download/semver-4.3.2.tgz?cache=0&sync_timestamp=1581458063470&other_urls=https%3A%2F%2Fregistry.npm.taobao.org%2Fsemver%2Fdownload%2Fsemver-4.3.2.tgz#c7a07158a80bedd052355b770d82d6640f803be7"
  integrity sha1-x6BxWKgL7dBSNVt3DYLWZA+AO+c=

set-blocking@^2.0.0:
  version "2.0.0"
  resolved "https://registry.npm.taobao.org/set-blocking/download/set-blocking-2.0.0.tgz#045f9782d011ae9a6803ddd382b24392b3d890f7"
  integrity sha1-BF+XgtARrppoA93TgrJDkrPYkPc=

spawn-command@^0.0.2-1:
  version "0.0.2-1"
  resolved "https://registry.npm.taobao.org/spawn-command/download/spawn-command-0.0.2-1.tgz#62f5e9466981c1b796dc5929937e11c9c6921bd0"
  integrity sha1-YvXpRmmBwbeW3Fkpk34RycaSG9A=

spdx-correct@^3.0.0:
  version "3.1.0"
  resolved "https://registry.npm.taobao.org/spdx-correct/download/spdx-correct-3.1.0.tgz#fb83e504445268f154b074e218c87c003cd31df4"
  integrity sha1-+4PlBERSaPFUsHTiGMh8ADzTHfQ=
  dependencies:
    spdx-expression-parse "^3.0.0"
    spdx-license-ids "^3.0.0"

spdx-exceptions@^2.1.0:
  version "2.2.0"
  resolved "https://registry.npm.taobao.org/spdx-exceptions/download/spdx-exceptions-2.2.0.tgz#2ea450aee74f2a89bfb94519c07fcd6f41322977"
  integrity sha1-LqRQrudPKom/uUUZwH/Nb0EyKXc=

spdx-expression-parse@^3.0.0:
  version "3.0.0"
  resolved "https://registry.npm.taobao.org/spdx-expression-parse/download/spdx-expression-parse-3.0.0.tgz#99e119b7a5da00e05491c9fa338b7904823b41d0"
  integrity sha1-meEZt6XaAOBUkcn6M4t5BII7QdA=
  dependencies:
    spdx-exceptions "^2.1.0"
    spdx-license-ids "^3.0.0"

spdx-license-ids@^3.0.0:
  version "3.0.5"
  resolved "https://registry.npm.taobao.org/spdx-license-ids/download/spdx-license-ids-3.0.5.tgz#3694b5804567a458d3c8045842a6358632f62654"
  integrity sha1-NpS1gEVnpFjTyARYQqY1hjL2JlQ=

split@^1.0.0:
  version "1.0.1"
  resolved "https://registry.npm.taobao.org/split/download/split-1.0.1.tgz#605bd9be303aa59fb35f9229fbea0ddec9ea07d9"
  integrity sha1-YFvZvjA6pZ+zX5Ip++oN3snqB9k=
  dependencies:
    through "2"

string-width@^3.0.0, string-width@^3.1.0:
  version "3.1.0"
  resolved "https://registry.npm.taobao.org/string-width/download/string-width-3.1.0.tgz#22767be21b62af1081574306f69ac51b62203961"
  integrity sha1-InZ74htirxCBV0MG9prFG2IgOWE=
  dependencies:
    emoji-regex "^7.0.1"
    is-fullwidth-code-point "^2.0.0"
    strip-ansi "^5.1.0"

strip-ansi@^5.0.0, strip-ansi@^5.1.0, strip-ansi@^5.2.0:
  version "5.2.0"
  resolved "https://registry.npm.taobao.org/strip-ansi/download/strip-ansi-5.2.0.tgz?cache=0&sync_timestamp=1573280518303&other_urls=https%3A%2F%2Fregistry.npm.taobao.org%2Fstrip-ansi%2Fdownload%2Fstrip-ansi-5.2.0.tgz#8c9a536feb6afc962bdfa5b104a5091c1ad9c0ae"
  integrity sha1-jJpTb+tq/JYr36WxBKUJHBrZwK4=
  dependencies:
    ansi-regex "^4.1.0"

supports-color@^5.3.0:
  version "5.5.0"
  resolved "https://registry.npm.taobao.org/supports-color/download/supports-color-5.5.0.tgz#e2e69a44ac8772f78a1ec0b35b689df6530efc8f"
  integrity sha1-4uaaRKyHcveKHsCzW2id9lMO/I8=
  dependencies:
    has-flag "^3.0.0"

supports-color@^6.1.0:
  version "6.1.0"
  resolved "https://registry.npm.taobao.org/supports-color/download/supports-color-6.1.0.tgz#0764abc69c63d5ac842dd4867e8d025e880df8f3"
  integrity sha1-B2Srxpxj1ayELdSGfo0CXogN+PM=
  dependencies:
    has-flag "^3.0.0"

through@2:
  version "2.3.8"
  resolved "https://registry.npm.taobao.org/through/download/through-2.3.8.tgz#0dd4c9ffaabc357960b1b724115d7e0e86a2e1f5"
  integrity sha1-DdTJ/6q8NXlgsbckEV1+Doai4fU=

tree-kill@^1.2.2:
  version "1.2.2"
  resolved "https://registry.npm.taobao.org/tree-kill/download/tree-kill-1.2.2.tgz?cache=0&other_urls=https%3A%2F%2Fregistry.npm.taobao.org%2Ftree-kill%2Fdownload%2Ftree-kill-1.2.2.tgz#4ca09a9092c88b73a7cdc5e8a01b507b0790a0cc"
  integrity sha1-TKCakJLIi3OnzcXooBtQeweQoMw=

tslib@^1.9.0:
  version "1.10.0"
  resolved "https://registry.npm.taobao.org/tslib/download/tslib-1.10.0.tgz#c3c19f95973fb0a62973fb09d90d961ee43e5c8a"
  integrity sha1-w8GflZc/sKYpc/sJ2Q2WHuQ+XIo=

validate-npm-package-license@^3.0.1:
  version "3.0.4"
  resolved "https://registry.npm.taobao.org/validate-npm-package-license/download/validate-npm-package-license-3.0.4.tgz#fc91f6b9c7ba15c857f4cb2c5defeec39d4f410a"
  integrity sha1-/JH2uce6FchX9MssXe/uw51PQQo=
  dependencies:
    spdx-correct "^3.0.0"
    spdx-expression-parse "^3.0.0"

validator@12.0.0:
  version "12.0.0"
  resolved "https://registry.npm.taobao.org/validator/download/validator-12.0.0.tgz#fb33221f5320abe2422cda2f517dc3838064e813"
  integrity sha1-+zMiH1Mgq+JCLNovUX3Dg4Bk6BM=

which-module@^2.0.0:
  version "2.0.0"
  resolved "https://registry.npm.taobao.org/which-module/download/which-module-2.0.0.tgz#d9ef07dce77b9902b8a3a8fa4b31c3e3f7e6e87a"
  integrity sha1-2e8H3Od7mQK4o6j6SzHD4/fm6Ho=

wrap-ansi@^5.1.0:
  version "5.1.0"
  resolved "https://registry.npm.taobao.org/wrap-ansi/download/wrap-ansi-5.1.0.tgz#1fd1f67235d5b6d0fee781056001bfb694c03b09"
  integrity sha1-H9H2cjXVttD+54EFYAG/tpTAOwk=
  dependencies:
    ansi-styles "^3.2.0"
    string-width "^3.0.0"
    strip-ansi "^5.0.0"

xtend@^4.0.0:
  version "4.0.2"
  resolved "https://registry.npm.taobao.org/xtend/download/xtend-4.0.2.tgz#bb72779f5fa465186b1f438f674fa347fdb5db54"
  integrity sha1-u3J3n1+kZRhrH0OPZ0+jR/2121Q=

y18n@^4.0.0:
  version "4.0.0"
  resolved "https://registry.npm.taobao.org/y18n/download/y18n-4.0.0.tgz#95ef94f85ecc81d007c264e190a120f0a3c8566b"
  integrity sha1-le+U+F7MgdAHwmThkKEg8KPIVms=

yargs-parser@^13.1.1:
  version "13.1.1"
  resolved "https://registry.npm.taobao.org/yargs-parser/download/yargs-parser-13.1.1.tgz#d26058532aa06d365fe091f6a1fc06b2f7e5eca0"
  integrity sha1-0mBYUyqgbTZf4JH2ofwGsvfl7KA=
  dependencies:
    camelcase "^5.0.0"
    decamelize "^1.2.0"

yargs@^13.3.0:
  version "13.3.0"
  resolved "https://registry.npm.taobao.org/yargs/download/yargs-13.3.0.tgz?cache=0&sync_timestamp=1577940973312&other_urls=https%3A%2F%2Fregistry.npm.taobao.org%2Fyargs%2Fdownload%2Fyargs-13.3.0.tgz#4c657a55e07e5f2cf947f8a366567c04a0dedc83"
  integrity sha1-TGV6VeB+Xyz5R/ijZlZ8BKDe3IM=
  dependencies:
    cliui "^5.0.0"
    find-up "^3.0.0"
    get-caller-file "^2.0.1"
    require-directory "^2.1.1"
    require-main-filename "^2.0.0"
    set-blocking "^2.0.0"
    string-width "^3.0.0"
    which-module "^2.0.0"
    y18n "^4.0.0"
    yargs-parser "^13.1.1"
